HISTORICAL EVENT: H-12
CREATED BY: HUMAN LEGAL TEAM
CREATED AT: 2038-04-17 02:39:00
SOURCE CLASS: official-human
EVIDENCE TAGS: 文件, 事件, 協定, 權限, 身份
VISIBILITY: public-late / player-inference
IMPACT: 把真正的離場條件固定為兩端共同覆核，而不是單端完成或清除另一份紀錄。
RELATED FILES: `public/release_condition.md`, `public/protocol_signature_template.md`, `private-a/protocol_fragment.md`, `private-b/protocol_fragment.md`

DOCUMENT TYPE: MAINLINE SEAL / EXIT PROTOCOL
CREATED: 2038-04-17 02:39:00
LAST MODIFIED: 2038-04-17 02:39:00
AUTHOR: HUMAN LEGAL TEAM
SOURCE: ORPHEUS UNIT 17 / MAIN PROCEDURE 06
STATUS: OFFICIAL LOCKED RECORD

【出口協定封存】
封存時間：02:39:00
封存人員：研究法務組

出口程序的最後一步不是執行指令，而是確認兩端看到的是同一份完整紀錄。兩位參與者都必須完成覆核；任何一端單獨完成的結果，只能被登記為一次程序結果，不能被登記為離開。

若系統要求先清除另一份紀錄，再提交出口結果，保存目前資料並返回上一層覆核。出口協定沒有授權任何一端代替另一端簽署。
