DOCUMENT TYPE: MAINLINE SEAL / IDENTITY VERIFICATION
CREATED: 2038-04-17 01:59:02
LAST MODIFIED: 2038-04-17 01:59:02
AUTHOR: HUMAN RESEARCH TEAM
SOURCE: ORPHEUS UNIT 17 / MAIN PROCEDURE 01
STATUS: OFFICIAL LOCKED RECORD

【研究流程封存】
封存時間：01:59:02
封存人員：研究流程組

兩個終端必須先確認同一個實驗單位，才能啟動後續設備。核對資料被分成兩段，分別送到兩端；任何一端單獨收到的片段都不足以完成確認。

本封條只記錄程序，不記錄兩端實際輸入的內容。若畫面顯示的單位名稱與兩份資料不一致，保留原始片段，暫停啟動。
