DOCUMENT TYPE: MAINLINE SEAL / CONTROL ACCESS
CREATED: 2038-04-17 02:29:00
LAST MODIFIED: 2038-04-17 02:29:00
AUTHOR: HUMAN SECURITY TEAM
SOURCE: ORPHEUS UNIT 17 / MAIN PROCEDURE 04
STATUS: OFFICIAL LOCKED RECORD

【控制室授權封存】
封存時間：02:29:00
封存人員：設施安全組

控制室門鎖需要兩份獨立憑證。安全規章允許在其中一份憑證失效時暫停程序，但沒有授權以未核對的替代值完成開門。

若終端提出快速通行選項，先比對兩端的憑證欄位與規章版本。安全組只承認兩份資料都被看見、被保留，且由兩端共同確認的結果。
