HISTORICAL EVENT: H-12
CREATED BY: HUMAN RESEARCH TEAM
CREATED AT: 2038-04-17 02:24:00
SOURCE CLASS: official-human
EVIDENCE TAGS: 文件, 事件, 影像／觀測, 時間
VISIBILITY: public-mid / player-inference
IMPACT: 將樣本標籤、冷藏櫃紀錄與同步時間分開，避免把資料寫入時間誤認為觀測時間。
RELATED FILES: `public/answer_main2.lock`, `archives/orpheus_history_timeline.md`, `logs/original_index_time.log`

DOCUMENT TYPE: MAINLINE SEAL / SAMPLE TIMELINE
CREATED: 2038-04-17 02:24:00
LAST MODIFIED: 2038-04-17 02:24:00
AUTHOR: HUMAN RESEARCH TEAM
SOURCE: ORPHEUS UNIT 17 / MAIN PROCEDURE 03
STATUS: OFFICIAL LOCKED RECORD

【樣本觀測封存】
封存時間：02:24:00
封存人員：樣本觀測組

樣本標籤、冷藏櫃紀錄與終端同步時間來自三個不同的記錄點。同步時間只代表資料被寫入的時刻，不代表樣本被觀測的時刻。

觀測組的排序規則是：先確認樣本標籤，再比對保存狀態，最後以最早留下且未被覆寫的紀錄作為起點。任何只靠終端顯示推導出的時間線都必須標記為待確認。
